
Microsoft Visual Studio Solution File, Format Version 12.00
Project("{FAE04EC0-301F-11D3-BF4B-00C04F79EFBC}") = "BudgetModel", "BudgetModel\BudgetModel.csproj", "{9065DB0A-8FF4-4149-9BCC-663A67FCABAF}"
EndProject
Project("{FAE04EC0-301F-11D3-BF4B-00C04F79EFBC}") = "UnitTests", "UnitTests\UnitTests.csproj", "{D3311E45-6718-4903-8690-38A8008A5E61}"
EndProject
Project("{FAE04EC0-301F-11D3-BF4B-00C04F79EFBC}") = "BudgetWebApi", "BudgetWebApi\BudgetWebApi.csproj", "{E1634B59-8F7D-4C32-AAB2-617C9E27B73C}"
EndProject
Project("{FAE04EC0-301F-11D3-BF4B-00C04F79EFBC}") = "BudgetServices", "BudgetServices\BudgetServices.csproj", "{2F9B3C41-A5E8-4F81-9D12-9B5ACF5BE754}"
EndProject
Project("{FAE04EC0-301F-11D3-BF4B-00C04F79EFBC}") = "AuthService", "AuthService\AuthService.csproj", "{D3A6DD85-A8E9-434C-AF2F-52AF9003E592}"
EndProject
Global
	GlobalSection(SolutionConfigurationPlatforms) = preSolution
		Debug|Any CPU = Debug|Any CPU
		Release|Any CPU = Release|Any CPU
	EndGlobalSection
	GlobalSection(ProjectConfigurationPlatforms) = postSolution
		{9065DB0A-8FF4-4149-9BCC-663A67FCABAF}.Debug|Any CPU.ActiveCfg = Debug|Any CPU
		{9065DB0A-8FF4-4149-9BCC-663A67FCABAF}.Debug|Any CPU.Build.0 = Debug|Any CPU
		{9065DB0A-8FF4-4149-9BCC-663A67FCABAF}.Release|Any CPU.ActiveCfg = Release|Any CPU
		{9065DB0A-8FF4-4149-9BCC-663A67FCABAF}.Release|Any CPU.Build.0 = Release|Any CPU
		{D3311E45-6718-4903-8690-38A8008A5E61}.Debug|Any CPU.ActiveCfg = Debug|Any CPU
		{D3311E45-6718-4903-8690-38A8008A5E61}.Debug|Any CPU.Build.0 = Debug|Any CPU
		{D3311E45-6718-4903-8690-38A8008A5E61}.Release|Any CPU.ActiveCfg = Release|Any CPU
		{D3311E45-6718-4903-8690-38A8008A5E61}.Release|Any CPU.Build.0 = Release|Any CPU
		{E1634B59-8F7D-4C32-AAB2-617C9E27B73C}.Debug|Any CPU.ActiveCfg = Debug|Any CPU
		{E1634B59-8F7D-4C32-AAB2-617C9E27B73C}.Debug|Any CPU.Build.0 = Debug|Any CPU
		{E1634B59-8F7D-4C32-AAB2-617C9E27B73C}.Release|Any CPU.ActiveCfg = Release|Any CPU
		{E1634B59-8F7D-4C32-AAB2-617C9E27B73C}.Release|Any CPU.Build.0 = Release|Any CPU
		{2F9B3C41-A5E8-4F81-9D12-9B5ACF5BE754}.Debug|Any CPU.ActiveCfg = Debug|Any CPU
		{2F9B3C41-A5E8-4F81-9D12-9B5ACF5BE754}.Debug|Any CPU.Build.0 = Debug|Any CPU
		{2F9B3C41-A5E8-4F81-9D12-9B5ACF5BE754}.Release|Any CPU.ActiveCfg = Release|Any CPU
		{2F9B3C41-A5E8-4F81-9D12-9B5ACF5BE754}.Release|Any CPU.Build.0 = Release|Any CPU
		{D3A6DD85-A8E9-434C-AF2F-52AF9003E592}.Debug|Any CPU.ActiveCfg = Debug|Any CPU
		{D3A6DD85-A8E9-434C-AF2F-52AF9003E592}.Debug|Any CPU.Build.0 = Debug|Any CPU
		{D3A6DD85-A8E9-434C-AF2F-52AF9003E592}.Release|Any CPU.ActiveCfg = Release|Any CPU
		{D3A6DD85-A8E9-434C-AF2F-52AF9003E592}.Release|Any CPU.Build.0 = Release|Any CPU
	EndGlobalSection
EndGlobal
